version = 1
revision = 3
requires-python = ">=3.13"

[[package]]
name = "scripts"
version = "0.1.0"
source = { virtual = "." }
dependencies = [
    { name = "wand" },
]

[package.metadata]
requires-dist = [{ name = "wand", specifier = ">=0.7.2" }]

[[package]]
name = "wand"
version = "0.7.2"
source = { registry = "https://pypi.org/simple" }
sdist = { url = "https://files.pythonhosted.org/packages/85/27/98de4383d028df318b9dd56e7ac2a8437684db18c2da7204c084f37e8f95/wand-0.7.2.tar.gz", hash = "sha256:0387fd08848d00cadd1d885fcb19a17dd4250df2029e5338b6b668b7fed64b5b", size = 11889993, upload-time = "2026-06-25T13:48:31.512Z" }
wheels = [
    { url = "https://files.pythonhosted.org/packages/fb/11/764bee6e793c01d6ce7b99f4872f9fd5ef89904b172cb9d8a0a1dae02f21/wand-0.7.2-py3-none-any.whl", hash = "sha256:7db97c5e51862fdd5e58866dbf34e2dcae295245511147367690a3e17f459984", size = 145045, upload-time = "2026-06-25T13:48:38.348Z" },
]
